
Microsoft Visual Studio Solution File, Format Version 12.00
# Visual Studio 15
VisualStudioVersion = 15.0.26730.16
MinimumVisualStudioVersion = 10.0.40219.1
Project("{FAE04EC0-301F-11D3-BF4B-00C04F79EFBC}") = "bootstrapDemo", "bootstrapDemo\bootstrapDemo.csproj", "{0F53FD20-A29F-444D-B946-507FBCE83343}"
EndProject
Global
	GlobalSection(SolutionConfigurationPlatforms) = preSolution
		Debug|Any CPU = Debug|Any CPU
		Release|Any CPU = Release|Any CPU
	EndGlobalSection
	GlobalSection(ProjectConfigurationPlatforms) = postSolution
		{0F53FD20-A29F-444D-B946-507FBCE83343}.Debug|Any CPU.ActiveCfg = Debug|Any CPU
		{0F53FD20-A29F-444D-B946-507FBCE83343}.Debug|Any CPU.Build.0 = Debug|Any CPU
		{0F53FD20-A29F-444D-B946-507FBCE83343}.Release|Any CPU.ActiveCfg = Release|Any CPU
		{0F53FD20-A29F-444D-B946-507FBCE83343}.Release|Any CPU.Build.0 = Release|Any CPU
	EndGlobalSection
	GlobalSection(SolutionProperties) = preSolution
		HideSolutionNode = FALSE
	EndGlobalSection
	GlobalSection(ExtensibilityGlobals) = postSolution
		SolutionGuid = {69D35F6E-5660-4D76-84C7-332BC270E8BF}
	EndGlobalSection
EndGlobal
